
Microsoft Visual Studio Solution File, Format Version 12.00
# Visual Studio Version 17
VisualStudioVersion = 17.5.33516.290
MinimumVisualStudioVersion = 10.0.40219.1
Project("{9A19103F-16F7-4668-BE54-9A1E7A4F7556}") = "SneakyPeekyWeasleyShop", "SneakyPeekyWeasleyShop\SneakyPeekyWeasleyShop.csproj", "{4659313B-C6ED-4F3F-B95D-6A231A239C5F}"
EndProject
Global
	GlobalSection(SolutionConfigurationPlatforms) = preSolution
		Debug|Any CPU = Debug|Any CPU
		Release|Any CPU = Release|Any CPU
	EndGlobalSection
	GlobalSection(ProjectConfigurationPlatforms) = postSolution
		{4659313B-C6ED-4F3F-B95D-6A231A239C5F}.Debug|Any CPU.ActiveCfg = Debug|Any CPU
		{4659313B-C6ED-4F3F-B95D-6A231A239C5F}.Debug|Any CPU.Build.0 = Debug|Any CPU
		{4659313B-C6ED-4F3F-B95D-6A231A239C5F}.Release|Any CPU.ActiveCfg = Release|Any CPU
		{4659313B-C6ED-4F3F-B95D-6A231A239C5F}.Release|Any CPU.Build.0 = Release|Any CPU
	EndGlobalSection
	GlobalSection(SolutionProperties) = preSolution
		HideSolutionNode = FALSE
	EndGlobalSection
	GlobalSection(ExtensibilityGlobals) = postSolution
		SolutionGuid = {7ABCBF92-282B-424D-8426-9AFA300464F8}
	EndGlobalSection
EndGlobal
